// !$*UTF8*$!
{
	archiveVersion = 1;
	classes = {
	};
	objectVersion = 56;
	objects = {

/* Begin PBXBuildFile section */
		C325DD412C691EA300EB2732 /* Worker.swift in Sources */ = {isa = PBXBuildFile; fileRef = C325DD402C691EA300EB2732 /* Worker.swift */; };
		C36DBB152C67CAA800BFC1A2 /* AppDelegate.swift in Sources */ = {isa = PBXBuildFile; fileRef = C36DBB142C67CAA800BFC1A2 /* AppDelegate.swift */; };
		C36DBB172C67CAA800BFC1A2 /* SceneDelegate.swift in Sources */ = {isa = PBXBuildFile; fileRef = C36DBB162C67CAA800BFC1A2 /* SceneDelegate.swift */; };
		C36DBB192C67CAA800BFC1A2 /* ViewController.swift in Sources */ = {isa = PBXBuildFile; fileRef = C36DBB182C67CAA800BFC1A2 /* ViewController.swift */; };
		C36DBB1C2C67CAA800BFC1A2 /* Main.storyboard in Resources */ = {isa = PBXBuildFile; fileRef = C36DBB1A2C67CAA800BFC1A2 /* Main.storyboard */; };
		C36DBB1E2C67CAA900BFC1A2 /* Assets.xcassets in Resources */ = {isa = PBXBuildFile; fileRef = C36DBB1D2C67CAA900BFC1A2 /* Assets.xcassets */; };
		C36DBB212C67CAA900BFC1A2 /* LaunchScreen.storyboard in Resources */ = {isa = PBXBuildFile; fileRef = C36DBB1F2C67CAA900BFC1A2 /* LaunchScreen.storyboard */; };
		C36DBB2C2C67CAA900BFC1A2 /* Tips_projectTests.swift in Sources */ = {isa = PBXBuildFile; fileRef = C36DBB2B2C67CAA900BFC1A2 /* Tips_projectTests.swift */; };
		C36DBB362C67CAA900BFC1A2 /* Tips_projectUITests.swift in Sources */ = {isa = PBXBuildFile; fileRef = C36DBB352C67CAA900BFC1A2 /* Tips_projectUITests.swift */; };
		C36DBB382C67CAA900BFC1A2 /* Tips_projectUITestsLaunchTests.swift in Sources */ = {isa = PBXBuildFile; fileRef = C36DBB372C67CAA900BFC1A2 /* Tips_projectUITestsLaunchTests.swift */; };
		C36DBB452C67CCC400BFC1A2 /* CalcTips.swift in Sources */ = {isa = PBXBuildFile; fileRef = C36DBB442C67CCC400BFC1A2 /* CalcTips.swift */; };
		C3B9FFD02C6BDC3C0089B018 /* FinalCalc.swift in Sources */ = {isa = PBXBuildFile; fileRef = C3B9FFCF2C6BDC3C0089B018 /* FinalCalc.swift */; };
/* End PBXBuildFile section */

/* Begin PBXContainerItemProxy section */
		C36DBB282C67CAA900BFC1A2 /* PBXContainerItemProxy */ = {
			isa = PBXContainerItemProxy;
			containerPortal = C36DBB092C67CAA800BFC1A2 /* Project object */;
			proxyType = 1;
			remoteGlobalIDString = C36DBB102C67CAA800BFC1A2;
			remoteInfo = "Tips project";
		};
		C36DBB322C67CAA900BFC1A2 /* PBXContainerItemProxy */ = {
			isa = PBXContainerItemProxy;
			containerPortal = C36DBB092C67CAA800BFC1A2 /* Project object */;
			proxyType = 1;
			remoteGlobalIDString = C36DBB102C67CAA800BFC1A2;
			remoteInfo = "Tips project";
		};
/* End PBXContainerItemProxy section */

/* Begin PBXFileReference section */
		C325DD402C691EA300EB2732 /* Worker.swift */ = {isa = PBXFileReference; lastKnownFileType = sourcecode.swift; path = Worker.swift; sourceTree = "<group>"; };
		C36DBB112C67CAA800BFC1A2 /* Tips project.app */ = {isa = PBXFileReference; explicitFileType = wrapper.application; includeInIndex = 0; path = "Tips project.app"; sourceTree = BUILT_PRODUCTS_DIR; };
		C36DBB142C67CAA800BFC1A2 /* AppDelegate.swift */ = {isa = PBXFileReference; lastKnownFileType = sourcecode.swift; path = AppDelegate.swift; sourceTree = "<group>"; };
		C36DBB162C67CAA800BFC1A2 /* SceneDelegate.swift */ = {isa = PBXFileReference; lastKnownFileType = sourcecode.swift; path = SceneDelegate.swift; sourceTree = "<group>"; };
		C36DBB182C67CAA800BFC1A2 /* ViewController.swift */ = {isa = PBXFileReference; lastKnownFileType = sourcecode.swift; path = ViewController.swift; sourceTree = "<group>"; };
		C36DBB1B2C67CAA800BFC1A2 /* Base */ = {isa = PBXFileReference; lastKnownFileType = file.storyboard; name = Base; path = Base.lproj/Main.storyboard; sourceTree = "<group>"; };
		C36DBB1D2C67CAA900BFC1A2 /* Assets.xcassets */ = {isa = PBXFileReference; lastKnownFileType = folder.assetcatalog; path = Assets.xcassets; sourceTree = "<group>"; };
		C36DBB202C67CAA900BFC1A2 /* Base */ = {isa = PBXFileReference; lastKnownFileType = file.storyboard; name = Base; path = Base.lproj/LaunchScreen.storyboard; sourceTree = "<group>"; };
		C36DBB222C67CAA900BFC1A2 /* Info.plist */ = {isa = PBXFileReference; lastKnownFileType = text.plist.xml; path = Info.plist; sourceTree = "<group>"; };
		C36DBB272C67CAA900BFC1A2 /* Tips projectTests.xctest */ = {isa = PBXFileReference; explicitFileType = wrapper.cfbundle; includeInIndex = 0; path = "Tips projectTests.xctest"; sourceTree = BUILT_PRODUCTS_DIR; };
		C36DBB2B2C67CAA900BFC1A2 /* Tips_projectTests.swift */ = {isa = PBXFileReference; lastKnownFileType = sourcecode.swift; path = Tips_projectTests.swift; sourceTree = "<group>"; };
		C36DBB312C67CAA900BFC1A2 /* Tips projectUITests.xctest */ = {isa = PBXFileReference; explicitFileType = wrapper.cfbundle; includeInIndex = 0; path = "Tips projectUITests.xctest"; sourceTree = BUILT_PRODUCTS_DIR; };
		C36DBB352C67CAA900BFC1A2 /* Tips_projectUITests.swift */ = {isa = PBXFileReference; lastKnownFileType = sourcecode.swift; path = Tips_projectUITests.swift; sourceTree = "<group>"; };
		C36DBB372C67CAA900BFC1A2 /* Tips_projectUITestsLaunchTests.swift */ = {isa = PBXFileReference; lastKnownFileType = sourcecode.swift; path = Tips_projectUITestsLaunchTests.swift; sourceTree = "<group>"; };
		C36DBB442C67CCC400BFC1A2 /* CalcTips.swift */ = {isa = PBXFileReference; lastKnownFileType = sourcecode.swift; path = CalcTips.swift; sourceTree = "<group>"; };
		C3B9FFCF2C6BDC3C0089B018 /* FinalCalc.swift */ = {isa = PBXFileReference; lastKnownFileType = sourcecode.swift; path = FinalCalc.swift; sourceTree = "<group>"; };
/* End PBXFileReference section */

/* Begin PBXFrameworksBuildPhase section */
		C36DBB0E2C67CAA800BFC1A2 /* Frameworks */ = {
			isa = PBXFrameworksBuildPhase;
			buildActionMask = 2147483647;
			files = (
			);
			runOnlyForDeploymentPostprocessing = 0;
		};
		C36DBB242C67CAA900BFC1A2 /* Frameworks */ = {
			isa = PBXFrameworksBuildPhase;
			buildActionMask = 2147483647;
			files = (
			);
			runOnlyForDeploymentPostprocessing = 0;
		};
		C36DBB2E2C67CAA900BFC1A2 /* Frameworks */ = {
			isa = PBXFrameworksBuildPhase;
			buildActionMask = 2147483647;
			files = (
			);
			runOnlyForDeploymentPostprocessing = 0;
		};
/* End PBXFrameworksBuildPhase section */

/* Begin PBXGroup section */
		C36DBB082C67CAA800BFC1A2 = {
			isa = PBXGroup;
			children = (
				C36DBB132C67CAA800BFC1A2 /* Tips project */,
				C36DBB2A2C67CAA900BFC1A2 /* Tips projectTests */,
				C36DBB342C67CAA900BFC1A2 /* Tips projectUITests */,
				C36DBB122C67CAA800BFC1A2 /* Products */,
			);
			sourceTree = "<group>";
		};
		C36DBB122C67CAA800BFC1A2 /* Products */ = {
			isa = PBXGroup;
			children = (
				C36DBB112C67CAA800BFC1A2 /* Tips project.app */,
				C36DBB272C67CAA900BFC1A2 /* Tips projectTests.xctest */,
				C36DBB312C67CAA900BFC1A2 /* Tips projectUITests.xctest */,
			);
			name = Products;
			sourceTree = "<group>";
		};
		C36DBB132C67CAA800BFC1A2 /* Tips project */ = {
			isa = PBXGroup;
			children = (
				C36DBB142C67CAA800BFC1A2 /* AppDelegate.swift */,
				C36DBB162C67CAA800BFC1A2 /* SceneDelegate.swift */,
				C36DBB182C67CAA800BFC1A2 /* ViewController.swift */,
				C36DBB1A2C67CAA800BFC1A2 /* Main.storyboard */,
				C36DBB1D2C67CAA900BFC1A2 /* Assets.xcassets */,
				C36DBB1F2C67CAA900BFC1A2 /* LaunchScreen.storyboard */,
				C36DBB222C67CAA900BFC1A2 /* Info.plist */,
				C36DBB442C67CCC400BFC1A2 /* CalcTips.swift */,
				C325DD402C691EA300EB2732 /* Worker.swift */,
				C3B9FFCF2C6BDC3C0089B018 /* FinalCalc.swift */,
			);
			path = "Tips project";
			sourceTree = "<group>";
		};
		C36DBB2A2C67CAA900BFC1A2 /* Tips projectTests */ = {
			isa = PBXGroup;
			children = (
				C36DBB2B2C67CAA900BFC1A2 /* Tips_projectTests.swift */,
			);
			path = "Tips projectTests";
			sourceTree = "<group>";
		};
		C36DBB342C67CAA900BFC1A2 /* Tips projectUITests */ = {
			isa = PBXGroup;
			children = (
				C36DBB352C67CAA900BFC1A2 /* Tips_projectUITests.swift */,
				C36DBB372C67CAA900BFC1A2 /* Tips_projectUITestsLaunchTests.swift */,
			);
			path = "Tips projectUITests";
			sourceTree = "<group>";
		};
/* End PBXGroup section */

/* Begin PBXNativeTarget section */
		C36DBB102C67CAA800BFC1A2 /* Tips project */ = {
			isa = PBXNativeTarget;
			buildConfigurationList = C36DBB3B2C67CAA900BFC1A2 /* Build configuration list for PBXNativeTarget "Tips project" */;
			buildPhases = (
				C36DBB0D2C67CAA800BFC1A2 /* Sources */,
				C36DBB0E2C67CAA800BFC1A2 /* Frameworks */,
				C36DBB0F2C67CAA800BFC1A2 /* Resources */,
			);
			buildRules = (
			);
			dependencies = (
			);
			name = "Tips project";
			productName = "Tips project";
			productReference = C36DBB112C67CAA800BFC1A2 /* Tips project.app */;
			productType = "com.apple.product-type.application";
		};
		C36DBB262C67CAA900BFC1A2 /* Tips projectTests */ = {
			isa = PBXNativeTarget;
			buildConfigurationList = C36DBB3E2C67CAA900BFC1A2 /* Build configuration list for PBXNativeTarget "Tips projectTests" */;
			buildPhases = (
				C36DBB232C67CAA900BFC1A2 /* Sources */,
				C36DBB242C67CAA900BFC1A2 /* Frameworks */,
				C36DBB252C67CAA900BFC1A2 /* Resources */,
			);
			buildRules = (
			);
			dependencies = (
				C36DBB292C67CAA900BFC1A2 /* PBXTargetDependency */,
			);
			name = "Tips projectTests";
			productName = "Tips projectTests";
			productReference = C36DBB272C67CAA900BFC1A2 /* Tips projectTests.xctest */;
			productType = "com.apple.product-type.bundle.unit-test";
		};
		C36DBB302C67CAA900BFC1A2 /* Tips projectUITests */ = {
			isa = PBXNativeTarget;
			buildConfigurationList = C36DBB412C67CAA900BFC1A2 /* Build configuration list for PBXNativeTarget "Tips projectUITests" */;
			buildPhases = (
				C36DBB2D2C67CAA900BFC1A2 /* Sources */,
				C36DBB2E2C67CAA900BFC1A2 /* Frameworks */,
				C36DBB2F2C67CAA900BFC1A2 /* Resources */,
			);
			buildRules = (
			);
			dependencies = (
				C36DBB332C67CAA900BFC1A2 /* PBXTargetDependency */,
			);
			name = "Tips projectUITests";
			productName = "Tips projectUITests";
			productReference = C36DBB312C67CAA900BFC1A2 /* Tips projectUITests.xctest */;
			productType = "com.apple.product-type.bundle.ui-testing";
		};
/* End PBXNativeTarget section */

/* Begin PBXProject section */
		C36DBB092C67CAA800BFC1A2 /* Project object */ = {
			isa = PBXProject;
			attributes = {
				BuildIndependentTargetsInParallel = 1;
				LastSwiftUpdateCheck = 1430;
				LastUpgradeCheck = 1430;
				TargetAttributes = {
					C36DBB102C67CAA800BFC1A2 = {
						CreatedOnToolsVersion = 14.3;
					};
					C36DBB262C67CAA900BFC1A2 = {
						CreatedOnToolsVersion = 14.3;
						TestTargetID = C36DBB102C67CAA800BFC1A2;
					};
					C36DBB302C67CAA900BFC1A2 = {
						CreatedOnToolsVersion = 14.3;
						TestTargetID = C36DBB102C67CAA800BFC1A2;
					};
				};
			};
			buildConfigurationList = C36DBB0C2C67CAA800BFC1A2 /* Build configuration list for PBXProject "Tips project" */;
			compatibilityVersion = "Xcode 14.0";
			developmentRegion = en;
			hasScannedForEncodings = 0;
			knownRegions = (
				en,
				Base,
			);
			mainGroup = C36DBB082C67CAA800BFC1A2;
			productRefGroup = C36DBB122C67CAA800BFC1A2 /* Products */;
			projectDirPath = "";
			projectRoot = "";
			targets = (
				C36DBB102C67CAA800BFC1A2 /* Tips project */,
				C36DBB262C67CAA900BFC1A2 /* Tips projectTests */,
				C36DBB302C67CAA900BFC1A2 /* Tips projectUITests */,
			);
		};
/* End PBXProject section */

/* Begin PBXResourcesBuildPhase section */
		C36DBB0F2C67CAA800BFC1A2 /* Resources */ = {
			isa = PBXResourcesBuildPhase;
			buildActionMask = 2147483647;
			files = (
				C36DBB212C67CAA900BFC1A2 /* LaunchScreen.storyboard in Resources */,
				C36DBB1E2C67CAA900BFC1A2 /* Assets.xcassets in Resources */,
				C36DBB1C2C67CAA800BFC1A2 /* Main.storyboard in Resources */,
			);
			runOnlyForDeploymentPostprocessing = 0;
		};
		C36DBB252C67CAA900BFC1A2 /* Resources */ = {
			isa = PBXResourcesBuildPhase;
			buildActionMask = 2147483647;
			files = (
			);
			runOnlyForDeploymentPostprocessing = 0;
		};
		C36DBB2F2C67CAA900BFC1A2 /* Resources */ = {
			isa = PBXResourcesBuildPhase;
			buildActionMask = 2147483647;
			files = (
			);
			runOnlyForDeploymentPostprocessing = 0;
		};
/* End PBXResourcesBuildPhase section */

/* Begin PBXSourcesBuildPhase section */
		C36DBB0D2C67CAA800BFC1A2 /* Sources */ = {
			isa = PBXSourcesBuildPhase;
			buildActionMask = 2147483647;
			files = (
				C325DD412C691EA300EB2732 /* Worker.swift in Sources */,
				C3B9FFD02C6BDC3C0089B018 /* FinalCalc.swift in Sources */,
				C36DBB452C67CCC400BFC1A2 /* CalcTips.swift in Sources */,
				C36DBB192C67CAA800BFC1A2 /* ViewController.swift in Sources */,
				C36DBB152C67CAA800BFC1A2 /* AppDelegate.swift in Sources */,
				C36DBB172C67CAA800BFC1A2 /* SceneDelegate.swift in Sources */,
			);
			runOnlyForDeploymentPostprocessing = 0;
		};
		C36DBB232C67CAA900BFC1A2 /* Sources */ = {
			isa = PBXSourcesBuildPhase;
			buildActionMask = 2147483647;
			files = (
				C36DBB2C2C67CAA900BFC1A2 /* Tips_projectTests.swift in Sources */,
			);
			runOnlyForDeploymentPostprocessing = 0;
		};
		C36DBB2D2C67CAA900BFC1A2 /* Sources */ = {
			isa = PBXSourcesBuildPhase;
			buildActionMask = 2147483647;
			files = (
				C36DBB382C67CAA900BFC1A2 /* Tips_projectUITestsLaunchTests.swift in Sources */,
				C36DBB362C67CAA900BFC1A2 /* Tips_projectUITests.swift in Sources */,
			);
			runOnlyForDeploymentPostprocessing = 0;
		};
/* End PBXSourcesBuildPhase section */

/* Begin PBXTargetDependency section */
		C36DBB292C67CAA900BFC1A2 /* PBXTargetDependency */ = {
			isa = PBXTargetDependency;
			target = C36DBB102C67CAA800BFC1A2 /* Tips project */;
			targetProxy = C36DBB282C67CAA900BFC1A2 /* PBXContainerItemProxy */;
		};
		C36DBB332C67CAA900BFC1A2 /* PBXTargetDependency */ = {
			isa = PBXTargetDependency;
			target = C36DBB102C67CAA800BFC1A2 /* Tips project */;
			targetProxy = C36DBB322C67CAA900BFC1A2 /* PBXContainerItemProxy */;
		};
/* End PBXTargetDependency section */

/* Begin PBXVariantGroup section */
		C36DBB1A2C67CAA800BFC1A2 /* Main.storyboard */ = {
			isa = PBXVariantGroup;
			children = (
				C36DBB1B2C67CAA800BFC1A2 /* Base */,
			);
			name = Main.storyboard;
			sourceTree = "<group>";
		};
		C36DBB1F2C67CAA900BFC1A2 /* LaunchScreen.storyboard */ = {
			isa = PBXVariantGroup;
			children = (
				C36DBB202C67CAA900BFC1A2 /* Base */,
			);
			name = LaunchScreen.storyboard;
			sourceTree = "<group>";
		};
/* End PBXVariantGroup section */

/* Begin XCBuildConfiguration section */
		C36DBB392C67CAA900BFC1A2 /* Debug */ = {
			isa = XCBuildConfiguration;
			buildSettings = {
				ALWAYS_SEARCH_USER_PATHS = NO;
				CLANG_ANALYZER_NONNULL = YES;
				CLANG_ANALYZER_NUMBER_OBJECT_CONVERSION = YES_AGGRESSIVE;
				CLANG_CXX_LANGUAGE_STANDARD = "gnu++20";
				CLANG_ENABLE_MODULES = YES;
				CLANG_ENABLE_OBJC_ARC = YES;
				CLANG_ENABLE_OBJC_WEAK = YES;
				CLANG_WARN_BLOCK_CAPTURE_AUTORELEASING = YES;
				CLANG_WARN_BOOL_CONVERSION = YES;
				CLANG_WARN_COMMA = YES;
				CLANG_WARN_CONSTANT_CONVERSION = YES;
				CLANG_WARN_DEPRECATED_OBJC_IMPLEMENTATIONS = YES;
				CLANG_WARN_DIRECT_OBJC_ISA_USAGE = YES_ERROR;
				CLANG_WARN_DOCUMENTATION_COMMENTS = YES;
				CLANG_WARN_EMPTY_BODY = YES;
				CLANG_WARN_ENUM_CONVERSION = YES;
				CLANG_WARN_INFINITE_RECURSION = YES;
				CLANG_WARN_INT_CONVERSION = YES;
				CLANG_WARN_NON_LITERAL_NULL_CONVERSION = YES;
				CLANG_WARN_OBJC_IMPLICIT_RETAIN_SELF = YES;
				CLANG_WARN_OBJC_LITERAL_CONVERSION = YES;
				CLANG_WARN_OBJC_ROOT_CLASS = YES_ERROR;
				CLANG_WARN_QUOTED_INCLUDE_IN_FRAMEWORK_HEADER = YES;
				CLANG_WARN_RANGE_LOOP_ANALYSIS = YES;
				CLANG_WARN_STRICT_PROTOTYPES = YES;
				CLANG_WARN_SUSPICIOUS_MOVE = YES;
				CLANG_WARN_UNGUARDED_AVAILABILITY = YES_AGGRESSIVE;
				CLANG_WARN_UNREACHABLE_CODE = YES;
				CLANG_WARN__DUPLICATE_METHOD_MATCH = YES;
				COPY_PHASE_STRIP = NO;
				DEBUG_INFORMATION_FORMAT = dwarf;
				ENABLE_STRICT_OBJC_MSGSEND = YES;
				ENABLE_TESTABILITY = YES;
				GCC_C_LANGUAGE_STANDARD = gnu11;
				GCC_DYNAMIC_NO_PIC = NO;
				GCC_NO_COMMON_BLOCKS = YES;
				GCC_OPTIMIZATION_LEVEL = 0;
				GCC_PREPROCESSOR_DEFINITIONS = (
					"DEBUG=1",
					"$(inherited)",
				);
				GCC_WARN_64_TO_32_BIT_CONVERSION = YES;
				GCC_WARN_ABOUT_RETURN_TYPE = YES_ERROR;
				GCC_WARN_UNDECLARED_SELECTOR = YES;
				GCC_WARN_UNINITIALIZED_AUTOS = YES_AGGRESSIVE;
				GCC_WARN_UNUSED_FUNCTION = YES;
				GCC_WARN_UNUSED_VARIABLE = YES;
				IPHONEOS_DEPLOYMENT_TARGET = 16.4;
				MTL_ENABLE_DEBUG_INFO = INCLUDE_SOURCE;
				MTL_FAST_MATH = YES;
				ONLY_ACTIVE_ARCH = YES;
				SDKROOT = iphoneos;
				SWIFT_ACTIVE_COMPILATION_CONDITIONS = DEBUG;
				SWIFT_OPTIMIZATION_LEVEL = "-Onone";
			};
			name = Debug;
		};
		C36DBB3A2C67CAA900BFC1A2 /* Release */ = {
			isa = XCBuildConfiguration;
			buildSettings = {
				ALWAYS_SEARCH_USER_PATHS = NO;
				CLANG_ANALYZER_NONNULL = YES;
				CLANG_ANALYZER_NUMBER_OBJECT_CONVERSION = YES_AGGRESSIVE;
				CLANG_CXX_LANGUAGE_STANDARD = "gnu++20";
				CLANG_ENABLE_MODULES = YES;
				CLANG_ENABLE_OBJC_ARC = YES;
				CLANG_ENABLE_OBJC_WEAK = YES;
				CLANG_WARN_BLOCK_CAPTURE_AUTORELEASING = YES;
				CLANG_WARN_BOOL_CONVERSION = YES;
				CLANG_WARN_COMMA = YES;
				CLANG_WARN_CONSTANT_CONVERSION = YES;
				CLANG_WARN_DEPRECATED_OBJC_IMPLEMENTATIONS = YES;
				CLANG_WARN_DIRECT_OBJC_ISA_USAGE = YES_ERROR;
				CLANG_WARN_DOCUMENTATION_COMMENTS = YES;
				CLANG_WARN_EMPTY_BODY = YES;
				CLANG_WARN_ENUM_CONVERSION = YES;
				CLANG_WARN_INFINITE_RECURSION = YES;
				CLANG_WARN_INT_CONVERSION = YES;
				CLANG_WARN_NON_LITERAL_NULL_CONVERSION = YES;
				CLANG_WARN_OBJC_IMPLICIT_RETAIN_SELF = YES;
				CLANG_WARN_OBJC_LITERAL_CONVERSION = YES;
				CLANG_WARN_OBJC_ROOT_CLASS = YES_ERROR;
				CLANG_WARN_QUOTED_INCLUDE_IN_FRAMEWORK_HEADER = YES;
				CLANG_WARN_RANGE_LOOP_ANALYSIS = YES;
				CLANG_WARN_STRICT_PROTOTYPES = YES;
				CLANG_WARN_SUSPICIOUS_MOVE = YES;
				CLANG_WARN_UNGUARDED_AVAILABILITY = YES_AGGRESSIVE;
				CLANG_WARN_UNREACHABLE_CODE = YES;
				CLANG_WARN__DUPLICATE_METHOD_MATCH = YES;
				COPY_PHASE_STRIP = NO;
				DEBUG_INFORMATION_FORMAT = "dwarf-with-dsym";
				ENABLE_NS_ASSERTIONS = NO;
				ENABLE_STRICT_OBJC_MSGSEND = YES;
				GCC_C_LANGUAGE_STANDARD = gnu11;
				GCC_NO_COMMON_BLOCKS = YES;
				GCC_WARN_64_TO_32_BIT_CONVERSION = YES;
				GCC_WARN_ABOUT_RETURN_TYPE = YES_ERROR;
				GCC_WARN_UNDECLARED_SELECTOR = YES;
				GCC_WARN_UNINITIALIZED_AUTOS = YES_AGGRESSIVE;
				GCC_WARN_UNUSED_FUNCTION = YES;
				GCC_WARN_UNUSED_VARIABLE = YES;
				IPHONEOS_DEPLOYMENT_TARGET = 16.4;
				MTL_ENABLE_DEBUG_INFO = NO;
				MTL_FAST_MATH = YES;
				SDKROOT = iphoneos;
				SWIFT_COMPILATION_MODE = wholemodule;
				SWIFT_OPTIMIZATION_LEVEL = "-O";
				VALIDATE_PRODUCT = YES;
			};
			name = Release;
		};
		C36DBB3C2C67CAA900BFC1A2 /* Debug */ = {
			isa = XCBuildConfiguration;
			buildSettings = {
				ASSETCATALOG_COMPILER_APPICON_NAME = AppIcon;
				ASSETCATALOG_COMPILER_GLOBAL_ACCENT_COLOR_NAME = AccentColor;
				CODE_SIGN_STYLE = Automatic;
				CURRENT_PROJECT_VERSION = 1;
				GENERATE_INFOPLIST_FILE = YES;
				INFOPLIST_FILE = "Tips project/Info.plist";
				INFOPLIST_KEY_UIApplicationSupportsIndirectInputEvents = YES;
				INFOPLIST_KEY_UILaunchStoryboardName = LaunchScreen;
				INFOPLIST_KEY_UIMainStoryboardFile = Main;
				INFOPLIST_KEY_UISupportedInterfaceOrientations_iPad = "UIInterfaceOrientationPortrait UIInterfaceOrientationPortraitUpsideDown UIInterfaceOrientationLandscapeLeft UIInterfaceOrientationLandscapeRight";
				INFOPLIST_KEY_UISupportedInterfaceOrientations_iPhone = "UIInterfaceOrientationPortrait UIInterfaceOrientationLandscapeLeft UIInterfaceOrientationLandscapeRight";
				LD_RUNPATH_SEARCH_PATHS = (
					"$(inherited)",
					"@executable_path/Frameworks",
				);
				MARKETING_VERSION = 1.0;
				PRODUCT_BUNDLE_IDENTIFIER = "amit.Tips-project";
				PRODUCT_NAME = "$(TARGET_NAME)";
				SWIFT_EMIT_LOC_STRINGS = YES;
				SWIFT_VERSION = 5.0;
				TARGETED_DEVICE_FAMILY = "1,2";
			};
			name = Debug;
		};
		C36DBB3D2C67CAA900BFC1A2 /* Release */ = {
			isa = XCBuildConfiguration;
			buildSettings = {
				ASSETCATALOG_COMPILER_APPICON_NAME = AppIcon;
				ASSETCATALOG_COMPILER_GLOBAL_ACCENT_COLOR_NAME = AccentColor;
				CODE_SIGN_STYLE = Automatic;
				CURRENT_PROJECT_VERSION = 1;
				GENERATE_INFOPLIST_FILE = YES;
				INFOPLIST_FILE = "Tips project/Info.plist";
				INFOPLIST_KEY_UIApplicationSupportsIndirectInputEvents = YES;
				INFOPLIST_KEY_UILaunchStoryboardName = LaunchScreen;
				INFOPLIST_KEY_UIMainStoryboardFile = Main;
				INFOPLIST_KEY_UISupportedInterfaceOrientations_iPad = "UIInterfaceOrientationPortrait UIInterfaceOrientationPortraitUpsideDown UIInterfaceOrientationLandscapeLeft UIInterfaceOrientationLandscapeRight";
				INFOPLIST_KEY_UISupportedInterfaceOrientations_iPhone = "UIInterfaceOrientationPortrait UIInterfaceOrientationLandscapeLeft UIInterfaceOrientationLandscapeRight";
				LD_RUNPATH_SEARCH_PATHS = (
					"$(inherited)",
					"@executable_path/Frameworks",
				);
				MARKETING_VERSION = 1.0;
				PRODUCT_BUNDLE_IDENTIFIER = "amit.Tips-project";
				PRODUCT_NAME = "$(TARGET_NAME)";
				SWIFT_EMIT_LOC_STRINGS = YES;
				SWIFT_VERSION = 5.0;
				TARGETED_DEVICE_FAMILY = "1,2";
			};
			name = Release;
		};
		C36DBB3F2C67CAA900BFC1A2 /* Debug */ = {
			isa = XCBuildConfiguration;
			buildSettings = {
				ALWAYS_EMBED_SWIFT_STANDARD_LIBRARIES = YES;
				BUNDLE_LOADER = "$(TEST_HOST)";
				CODE_SIGN_STYLE = Automatic;
				CURRENT_PROJECT_VERSION = 1;
				GENERATE_INFOPLIST_FILE = YES;
				IPHONEOS_DEPLOYMENT_TARGET = 16.4;
				MARKETING_VERSION = 1.0;
				PRODUCT_BUNDLE_IDENTIFIER = "amit.Tips-projectTests";
				PRODUCT_NAME = "$(TARGET_NAME)";
				SWIFT_EMIT_LOC_STRINGS = NO;
				SWIFT_VERSION = 5.0;
				TARGETED_DEVICE_FAMILY = "1,2";
				TEST_HOST = "$(BUILT_PRODUCTS_DIR)/Tips project.app/$(BUNDLE_EXECUTABLE_FOLDER_PATH)/Tips project";
			};
			name = Debug;
		};
		C36DBB402C67CAA900BFC1A2 /* Release */ = {
			isa = XCBuildConfiguration;
			buildSettings = {
				ALWAYS_EMBED_SWIFT_STANDARD_LIBRARIES = YES;
				BUNDLE_LOADER = "$(TEST_HOST)";
				CODE_SIGN_STYLE = Automatic;
				CURRENT_PROJECT_VERSION = 1;
				GENERATE_INFOPLIST_FILE = YES;
				IPHONEOS_DEPLOYMENT_TARGET = 16.4;
				MARKETING_VERSION = 1.0;
				PRODUCT_BUNDLE_IDENTIFIER = "amit.Tips-projectTests";
				PRODUCT_NAME = "$(TARGET_NAME)";
				SWIFT_EMIT_LOC_STRINGS = NO;
				SWIFT_VERSION = 5.0;
				TARGETED_DEVICE_FAMILY = "1,2";
				TEST_HOST = "$(BUILT_PRODUCTS_DIR)/Tips project.app/$(BUNDLE_EXECUTABLE_FOLDER_PATH)/Tips project";
			};
			name = Release;
		};
		C36DBB422C67CAA900BFC1A2 /* Debug */ = {
			isa = XCBuildConfiguration;
			buildSettings = {
				ALWAYS_EMBED_SWIFT_STANDARD_LIBRARIES = YES;
				CODE_SIGN_STYLE = Automatic;
				CURRENT_PROJECT_VERSION = 1;
				GENERATE_INFOPLIST_FILE = YES;
				MARKETING_VERSION = 1.0;
				PRODUCT_BUNDLE_IDENTIFIER = "amit.Tips-projectUITests";
				PRODUCT_NAME = "$(TARGET_NAME)";
				SWIFT_EMIT_LOC_STRINGS = NO;
				SWIFT_VERSION = 5.0;
				TARGETED_DEVICE_FAMILY = "1,2";
				TEST_TARGET_NAME = "Tips project";
			};
			name = Debug;
		};
		C36DBB432C67CAA900BFC1A2 /* Release */ = {
			isa = XCBuildConfiguration;
			buildSettings = {
				ALWAYS_EMBED_SWIFT_STANDARD_LIBRARIES = YES;
				CODE_SIGN_STYLE = Automatic;
				CURRENT_PROJECT_VERSION = 1;
				GENERATE_INFOPLIST_FILE = YES;
				MARKETING_VERSION = 1.0;
				PRODUCT_BUNDLE_IDENTIFIER = "amit.Tips-projectUITests";
				PRODUCT_NAME = "$(TARGET_NAME)";
				SWIFT_EMIT_LOC_STRINGS = NO;
				SWIFT_VERSION = 5.0;
				TARGETED_DEVICE_FAMILY = "1,2";
				TEST_TARGET_NAME = "Tips project";
			};
			name = Release;
		};
/* End XCBuildConfiguration section */

/* Begin XCConfigurationList section */
		C36DBB0C2C67CAA800BFC1A2 /* Build configuration list for PBXProject "Tips project" */ = {
			isa = XCConfigurationList;
			buildConfigurations = (
				C36DBB392C67CAA900BFC1A2 /* Debug */,
				C36DBB3A2C67CAA900BFC1A2 /* Release */,
			);
			defaultConfigurationIsVisible = 0;
			defaultConfigurationName = Release;
		};
		C36DBB3B2C67CAA900BFC1A2 /* Build configuration list for PBXNativeTarget "Tips project" */ = {
			isa = XCConfigurationList;
			buildConfigurations = (
				C36DBB3C2C67CAA900BFC1A2 /* Debug */,
				C36DBB3D2C67CAA900BFC1A2 /* Release */,
			);
			defaultConfigurationIsVisible = 0;
			defaultConfigurationName = Release;
		};
		C36DBB3E2C67CAA900BFC1A2 /* Build configuration list for PBXNativeTarget "Tips projectTests" */ = {
			isa = XCConfigurationList;
			buildConfigurations = (
				C36DBB3F2C67CAA900BFC1A2 /* Debug */,
				C36DBB402C67CAA900BFC1A2 /* Release */,
			);
			defaultConfigurationIsVisible = 0;
			defaultConfigurationName = Release;
		};
		C36DBB412C67CAA900BFC1A2 /* Build configuration list for PBXNativeTarget "Tips projectUITests" */ = {
			isa = XCConfigurationList;
			buildConfigurations = (
				C36DBB422C67CAA900BFC1A2 /* Debug */,
				C36DBB432C67CAA900BFC1A2 /* Release */,
			);
			defaultConfigurationIsVisible = 0;
			defaultConfigurationName = Release;
		};
/* End XCConfigurationList section */
	};
	rootObject = C36DBB092C67CAA800BFC1A2 /* Project object */;
}
